PODS:
  - Amplitude (7.2.2)
  - FBSnapshotTestCase (2.1.4):
    - FBSnapshotTestCase/SwiftSupport (= 2.1.4)
  - FBSnapshotTestCase/Core (2.1.4)
  - FBSnapshotTestCase/SwiftSupport (2.1.4):
    - FBSnapshotTestCase/Core
  - Rudder (1.8.0)
  - Rudder-Amplitude (1.0.2):
    - Amplitude (~> 7.2.0)
    - Rudder (= 1.8.0)

DEPENDENCIES:
  - FBSnapshotTestCase
  - Rudder-Amplitude (from `../`)

SPEC REPOS:
  trunk:
    - Amplitude
    - FBSnapshotTestCase
    - Rudder

EXTERNAL SOURCES:
  Rudder-Amplitude:
    :path: "../"

SPEC CHECKSUMS:
  Amplitude: 517cdc7c485bda64b685174426ecbf17746eb16a
  FBSnapshotTestCase: 094f9f314decbabe373b87cc339bea235a63e07a
  Rudder: 0a5272646aa3b89295526cea2bf54d092044848a
  Rudder-Amplitude: c434a09089afa0b960663e98899a7d1b85d2df9a

PODFILE CHECKSUM: 0ddf15a645f7d4bb8e3e0a23ae94a867364f0246

COCOAPODS: 1.11.3
