PODS:
  - Amplitude (8.14.1):
    - AnalyticsConnector (~> 1.0.0)
  - AnalyticsConnector (1.0.1)
  - FBSnapshotTestCase (2.1.4):
    - FBSnapshotTestCase/SwiftSupport (= 2.1.4)
  - FBSnapshotTestCase/Core (2.1.4)
  - FBSnapshotTestCase/SwiftSupport (2.1.4):
    - FBSnapshotTestCase/Core
  - Rudder (1.8.0)
  - Rudder-Amplitude (1.0.2):
    - Amplitude (~> 8.14.0)
    - Rudder (= 1.8.0)

DEPENDENCIES:
  - FBSnapshotTestCase
  - Rudder-Amplitude (from `../`)

SPEC REPOS:
  trunk:
    - Amplitude
    - AnalyticsConnector
    - FBSnapshotTestCase
    - Rudder

EXTERNAL SOURCES:
  Rudder-Amplitude:
    :path: "../"

SPEC CHECKSUMS:
  Amplitude: 1d13b996a61a4199b6c717c3a0a1452e46caa064
  AnalyticsConnector: eccd7e1cd3dd18e6bd09ac2506e37d4ed43ba3f4
  FBSnapshotTestCase: 094f9f314decbabe373b87cc339bea235a63e07a
  Rudder: 0a5272646aa3b89295526cea2bf54d092044848a
  Rudder-Amplitude: 18f57a4ffe0ff90e96151b6a4d74e273e2871b66

PODFILE CHECKSUM: f39ba5417b183437301e323f07d248fe8194ffff

COCOAPODS: 1.11.3
